
Microsoft Visual Studio Solution File, Format Version 12.00
# Visual Studio 15
VisualStudioVersion = 15.0.28010.2026
MinimumVisualStudioVersion = 10.0.40219.1
Project("{FAE04EC0-301F-11D3-BF4B-00C04F79EFBC}") = "YhteisetLuokat", "YhteisetLuokat\YhteisetLuokat.csproj", "{A24FBAF8-DFE5-44D7-A6F3-17C89CBDD1C0}"
EndProject
Project("{FAE04EC0-301F-11D3-BF4B-00C04F79EFBC}") = "TLLibrary", "TLLibrary\TLLibrary.csproj", "{689326EC-6B90-454D-838E-B1ED6D5763E2}"
EndProject
Global
	GlobalSection(SolutionConfigurationPlatforms) = preSolution
		Debug|Any CPU = Debug|Any CPU
		Release|Any CPU = Release|Any CPU
	EndGlobalSection
	GlobalSection(ProjectConfigurationPlatforms) = postSolution
		{A24FBAF8-DFE5-44D7-A6F3-17C89CBDD1C0}.Debug|Any CPU.ActiveCfg = Debug|Any CPU
		{A24FBAF8-DFE5-44D7-A6F3-17C89CBDD1C0}.Debug|Any CPU.Build.0 = Debug|Any CPU
		{A24FBAF8-DFE5-44D7-A6F3-17C89CBDD1C0}.Release|Any CPU.ActiveCfg = Release|Any CPU
		{A24FBAF8-DFE5-44D7-A6F3-17C89CBDD1C0}.Release|Any CPU.Build.0 = Release|Any CPU
		{689326EC-6B90-454D-838E-B1ED6D5763E2}.Debug|Any CPU.ActiveCfg = Debug|Any CPU
		{689326EC-6B90-454D-838E-B1ED6D5763E2}.Debug|Any CPU.Build.0 = Debug|Any CPU
		{689326EC-6B90-454D-838E-B1ED6D5763E2}.Release|Any CPU.ActiveCfg = Release|Any CPU
		{689326EC-6B90-454D-838E-B1ED6D5763E2}.Release|Any CPU.Build.0 = Release|Any CPU
	EndGlobalSection
	GlobalSection(SolutionProperties) = preSolution
		HideSolutionNode = FALSE
	EndGlobalSection
	GlobalSection(ExtensibilityGlobals) = postSolution
		SolutionGuid = {A7B855DC-DC1E-445E-8785-473330758316}
	EndGlobalSection
EndGlobal
