
Microsoft Visual Studio Solution File, Format Version 12.00
# Visual Studio 15
VisualStudioVersion = 15.0.27703.2026
MinimumVisualStudioVersion = 10.0.40219.1
Project("{FAE04EC0-301F-11D3-BF4B-00C04F79EFBC}") = "Hellooo", "Hellooo\Hellooo.csproj", "{5718BB4F-B72A-45C6-BE13-72E737684928}"
EndProject
Global
	GlobalSection(SolutionConfigurationPlatforms) = preSolution
		Debug|Any CPU = Debug|Any CPU
		Release|Any CPU = Release|Any CPU
	EndGlobalSection
	GlobalSection(ProjectConfigurationPlatforms) = postSolution
		{5718BB4F-B72A-45C6-BE13-72E737684928}.Debug|Any CPU.ActiveCfg = Debug|Any CPU
		{5718BB4F-B72A-45C6-BE13-72E737684928}.Debug|Any CPU.Build.0 = Debug|Any CPU
		{5718BB4F-B72A-45C6-BE13-72E737684928}.Release|Any CPU.ActiveCfg = Release|Any CPU
		{5718BB4F-B72A-45C6-BE13-72E737684928}.Release|Any CPU.Build.0 = Release|Any CPU
	EndGlobalSection
	GlobalSection(SolutionProperties) = preSolution
		HideSolutionNode = FALSE
	EndGlobalSection
	GlobalSection(ExtensibilityGlobals) = postSolution
		SolutionGuid = {86469B93-B023-478C-8D87-B7B6B529E12E}
	EndGlobalSection
EndGlobal
