
Microsoft Visual Studio Solution File, Format Version 12.00
# Visual Studio 15
VisualStudioVersion = 15.0.27703.2026
MinimumVisualStudioVersion = 10.0.40219.1
Project("{FAE04EC0-301F-11D3-BF4B-00C04F79EFBC}") = "Laske1", "Laske1\Laske1.csproj", "{425230CD-EA99-440B-ADBB-8A0A35447F55}"
EndProject
Global
	GlobalSection(SolutionConfigurationPlatforms) = preSolution
		Debug|Any CPU = Debug|Any CPU
		Release|Any CPU = Release|Any CPU
	EndGlobalSection
	GlobalSection(ProjectConfigurationPlatforms) = postSolution
		{425230CD-EA99-440B-ADBB-8A0A35447F55}.Debug|Any CPU.ActiveCfg = Debug|Any CPU
		{425230CD-EA99-440B-ADBB-8A0A35447F55}.Debug|Any CPU.Build.0 = Debug|Any CPU
		{425230CD-EA99-440B-ADBB-8A0A35447F55}.Release|Any CPU.ActiveCfg = Release|Any CPU
		{425230CD-EA99-440B-ADBB-8A0A35447F55}.Release|Any CPU.Build.0 = Release|Any CPU
	EndGlobalSection
	GlobalSection(SolutionProperties) = preSolution
		HideSolutionNode = FALSE
	EndGlobalSection
	GlobalSection(ExtensibilityGlobals) = postSolution
		SolutionGuid = {8E866A8E-3CEC-44FA-966F-D9A5E6192B7A}
	EndGlobalSection
EndGlobal
