
Microsoft Visual Studio Solution File, Format Version 12.00
# Visual Studio 15
VisualStudioVersion = 15.0.27703.2026
MinimumVisualStudioVersion = 10.0.40219.1
Project("{FAE04EC0-301F-11D3-BF4B-00C04F79EFBC}") = "Helloo", "Helloo\Helloo.csproj", "{4F266CF3-364C-4A5A-8478-79642AB38FCE}"
EndProject
Global
	GlobalSection(SolutionConfigurationPlatforms) = preSolution
		Debug|Any CPU = Debug|Any CPU
		Release|Any CPU = Release|Any CPU
	EndGlobalSection
	GlobalSection(ProjectConfigurationPlatforms) = postSolution
		{4F266CF3-364C-4A5A-8478-79642AB38FCE}.Debug|Any CPU.ActiveCfg = Debug|Any CPU
		{4F266CF3-364C-4A5A-8478-79642AB38FCE}.Debug|Any CPU.Build.0 = Debug|Any CPU
		{4F266CF3-364C-4A5A-8478-79642AB38FCE}.Release|Any CPU.ActiveCfg = Release|Any CPU
		{4F266CF3-364C-4A5A-8478-79642AB38FCE}.Release|Any CPU.Build.0 = Release|Any CPU
	EndGlobalSection
	GlobalSection(SolutionProperties) = preSolution
		HideSolutionNode = FALSE
	EndGlobalSection
	GlobalSection(ExtensibilityGlobals) = postSolution
		SolutionGuid = {C1CAD881-5E2F-4CD6-BF7D-EDC9AEE680E1}
	EndGlobalSection
EndGlobal
