
Microsoft Visual Studio Solution File, Format Version 12.00
# Visual Studio 15
VisualStudioVersion = 15.0.26730.15
MinimumVisualStudioVersion = 10.0.40219.1
Project("{FAE04EC0-301F-11D3-BF4B-00C04F79EFBC}") = "ConsoleInherit", "ConsoleInherit\ConsoleInherit.csproj", "{55E584DE-E625-4201-9540-D1BBCE532272}"
EndProject
Global
	GlobalSection(SolutionConfigurationPlatforms) = preSolution
		Debug|Any CPU = Debug|Any CPU
		Release|Any CPU = Release|Any CPU
	EndGlobalSection
	GlobalSection(ProjectConfigurationPlatforms) = postSolution
		{55E584DE-E625-4201-9540-D1BBCE532272}.Debug|Any CPU.ActiveCfg = Debug|Any CPU
		{55E584DE-E625-4201-9540-D1BBCE532272}.Debug|Any CPU.Build.0 = Debug|Any CPU
		{55E584DE-E625-4201-9540-D1BBCE532272}.Release|Any CPU.ActiveCfg = Release|Any CPU
		{55E584DE-E625-4201-9540-D1BBCE532272}.Release|Any CPU.Build.0 = Release|Any CPU
	EndGlobalSection
	GlobalSection(SolutionProperties) = preSolution
		HideSolutionNode = FALSE
	EndGlobalSection
	GlobalSection(ExtensibilityGlobals) = postSolution
		SolutionGuid = {855D446C-6AAD-40C8-BFE5-20ADD0166C07}
	EndGlobalSection
EndGlobal
